
Microsoft Visual Studio Solution File, Format Version 12.00
# Visual Studio 14
VisualStudioVersion = 14.0.25420.1
MinimumVisualStudioVersion = 10.0.40219.1
Project("{E24C65DC-7377-472B-9ABA-BC803B73C61A}") = "Sganit", ".", "{20455D3B-C4A3-4206-B1F6-B07580D206EB}"
	ProjectSection(WebsiteProperties) = preProject
		TargetFrameworkMoniker = ".NETFramework,Version%3Dv4.0"
		Debug.AspNetCompiler.VirtualPath = "/localhost_59212"
		Debug.AspNetCompiler.PhysicalPath = "..\..\..\..\..\..\..\Dev\Sganit\"
		Debug.AspNetCompiler.TargetPath = "PrecompiledWeb\localhost_59212\"
		Debug.AspNetCompiler.Updateable = "true"
		Debug.AspNetCompiler.ForceOverwrite = "true"
		Debug.AspNetCompiler.FixedNames = "false"
		Debug.AspNetCompiler.Debug = "True"
		Release.AspNetCompiler.VirtualPath = "/localhost_59212"
		Release.AspNetCompiler.PhysicalPath = "..\..\..\..\..\..\..\Dev\Sganit\"
		Release.AspNetCompiler.TargetPath = "PrecompiledWeb\localhost_59212\"
		Release.AspNetCompiler.Updateable = "true"
		Release.AspNetCompiler.ForceOverwrite = "true"
		Release.AspNetCompiler.FixedNames = "false"
		Release.AspNetCompiler.Debug = "False"
		VWDPort = "59212"
	EndProjectSection
EndProject
Global
	GlobalSection(SolutionConfigurationPlatforms) = preSolution
		Debug|Any CPU = Debug|Any CPU
	EndGlobalSection
	GlobalSection(ProjectConfigurationPlatforms) = postSolution
		{20455D3B-C4A3-4206-B1F6-B07580D206EB}.Debug|Any CPU.ActiveCfg = Debug|Any CPU
		{20455D3B-C4A3-4206-B1F6-B07580D206EB}.Debug|Any CPU.Build.0 = Debug|Any CPU
	EndGlobalSection
	GlobalSection(SolutionProperties) = preSolution
		HideSolutionNode = FALSE
	EndGlobalSection
EndGlobal
